
Microsoft Visual Studio Solution File, Format Version 12.00
# Visual Studio Version 17
VisualStudioVersion = 17.6.33723.286
MinimumVisualStudioVersion = 10.0.40219.1
Project("{9A19103F-16F7-4668-BE54-9A1E7A4F7556}") = "ECFPerformance.Web", "ECFPerformance.Web\ECFPerformance.Web.csproj", "{D0117301-D341-4075-B2C9-A244B4692B0C}"
EndProject
Project("{FAE04EC0-301F-11D3-BF4B-00C04F79EFBC}") = "ECFPerformance.Infrastructure", "ECFPerformance.Infrastructure\ECFPerformance.Infrastructure.csproj", "{ED39CC9B-B012-4DED-83AC-F146DE03D36C}"
EndProject
Project("{FAE04EC0-301F-11D3-BF4B-00C04F79EFBC}") = "ECFPerformance.Constants", "ECFPerformance.Constants\ECFPerformance.Constants.csproj", "{FFB6AF65-D223-453D-82E2-497E35F6DB83}"
EndProject
Project("{FAE04EC0-301F-11D3-BF4B-00C04F79EFBC}") = "ECFPerformance.Core", "ECFPerformance.Core\ECFPerformance.Core.csproj", "{2C359B94-6DC9-4853-87D0-261CFAE53EF9}"
EndProject
Global
	GlobalSection(SolutionConfigurationPlatforms) = preSolution
		Debug|Any CPU = Debug|Any CPU
		Release|Any CPU = Release|Any CPU
	EndGlobalSection
	GlobalSection(ProjectConfigurationPlatforms) = postSolution
		{D0117301-D341-4075-B2C9-A244B4692B0C}.Debug|Any CPU.ActiveCfg = Debug|Any CPU
		{D0117301-D341-4075-B2C9-A244B4692B0C}.Debug|Any CPU.Build.0 = Debug|Any CPU
		{D0117301-D341-4075-B2C9-A244B4692B0C}.Release|Any CPU.ActiveCfg = Release|Any CPU
		{D0117301-D341-4075-B2C9-A244B4692B0C}.Release|Any CPU.Build.0 = Release|Any CPU
		{ED39CC9B-B012-4DED-83AC-F146DE03D36C}.Debug|Any CPU.ActiveCfg = Debug|Any CPU
		{ED39CC9B-B012-4DED-83AC-F146DE03D36C}.Debug|Any CPU.Build.0 = Debug|Any CPU
		{ED39CC9B-B012-4DED-83AC-F146DE03D36C}.Release|Any CPU.ActiveCfg = Release|Any CPU
		{ED39CC9B-B012-4DED-83AC-F146DE03D36C}.Release|Any CPU.Build.0 = Release|Any CPU
		{FFB6AF65-D223-453D-82E2-497E35F6DB83}.Debug|Any CPU.ActiveCfg = Debug|Any CPU
		{FFB6AF65-D223-453D-82E2-497E35F6DB83}.Debug|Any CPU.Build.0 = Debug|Any CPU
		{FFB6AF65-D223-453D-82E2-497E35F6DB83}.Release|Any CPU.ActiveCfg = Release|Any CPU
		{FFB6AF65-D223-453D-82E2-497E35F6DB83}.Release|Any CPU.Build.0 = Release|Any CPU
		{2C359B94-6DC9-4853-87D0-261CFAE53EF9}.Debug|Any CPU.ActiveCfg = Debug|Any CPU
		{2C359B94-6DC9-4853-87D0-261CFAE53EF9}.Debug|Any CPU.Build.0 = Debug|Any CPU
		{2C359B94-6DC9-4853-87D0-261CFAE53EF9}.Release|Any CPU.ActiveCfg = Release|Any CPU
		{2C359B94-6DC9-4853-87D0-261CFAE53EF9}.Release|Any CPU.Build.0 = Release|Any CPU
	EndGlobalSection
	GlobalSection(SolutionProperties) = preSolution
		HideSolutionNode = FALSE
	EndGlobalSection
	GlobalSection(ExtensibilityGlobals) = postSolution
		SolutionGuid = {84482444-BFB3-47D3-A837-51A2A1F443EC}
	EndGlobalSection
EndGlobal
